
Microsoft Visual Studio Solution File, Format Version 12.00
# Visual Studio 2013
VisualStudioVersion = 12.0.20617.1 PREVIEW
MinimumVisualStudioVersion = 10.0.40219.1
Project("{FAE04EC0-301F-11D3-BF4B-00C04F79EFBC}") = "Profile", "Profile\Profile.csproj", "{CA058038-AC74-4F34-995A-061906EF09D9}"
EndProject
Project("{FAE04EC0-301F-11D3-BF4B-00C04F79EFBC}") = "MultiLang", "MultiLang\MultiLang.csproj", "{080B2A44-F897-4F08-9DC0-F84A10249F96}"
EndProject
Global
	GlobalSection(SolutionConfigurationPlatforms) = preSolution
		Debug|Any CPU = Debug|Any CPU
		Release|Any CPU = Release|Any CPU
	EndGlobalSection
	GlobalSection(ProjectConfigurationPlatforms) = postSolution
		{CA058038-AC74-4F34-995A-061906EF09D9}.Debug|Any CPU.ActiveCfg = Debug|Any CPU
		{CA058038-AC74-4F34-995A-061906EF09D9}.Debug|Any CPU.Build.0 = Debug|Any CPU
		{CA058038-AC74-4F34-995A-061906EF09D9}.Release|Any CPU.ActiveCfg = Release|Any CPU
		{CA058038-AC74-4F34-995A-061906EF09D9}.Release|Any CPU.Build.0 = Release|Any CPU
		{080B2A44-F897-4F08-9DC0-F84A10249F96}.Debug|Any CPU.ActiveCfg = Debug|Any CPU
		{080B2A44-F897-4F08-9DC0-F84A10249F96}.Debug|Any CPU.Build.0 = Debug|Any CPU
		{080B2A44-F897-4F08-9DC0-F84A10249F96}.Release|Any CPU.ActiveCfg = Release|Any CPU
		{080B2A44-F897-4F08-9DC0-F84A10249F96}.Release|Any CPU.Build.0 = Release|Any CPU
	EndGlobalSection
	GlobalSection(SolutionProperties) = preSolution
		HideSolutionNode = FALSE
	EndGlobalSection
EndGlobal
